// !$*UTF8*$!
{
	archiveVersion = 1;
	classes = {
	};
	objectVersion = 50;
	objects = {

/* Begin PBXBuildFile section */
		1E70B21787310F4BA11279BA /* Pods_CrateLoops.framework in Frameworks */ = {isa = PBXBuildFile; fileRef = 245D124E6676045A6249A065 /* Pods_CrateLoops.framework */; };
		5420F9392121919F00F3CA1A /* VideoPlayVC.swift in Sources */ = {isa = PBXBuildFile; fileRef = 5420F9382121919F00F3CA1A /* VideoPlayVC.swift */; };
		54415631211EDBBB00C392F3 /* MainPlayerVC.swift in Sources */ = {isa = PBXBuildFile; fileRef = 54415630211EDBBB00C392F3 /* MainPlayerVC.swift */; };
		54415633211F08A600C392F3 /* MenuVC.swift in Sources */ = {isa = PBXBuildFile; fileRef = 54415632211F08A600C392F3 /* MenuVC.swift */; };
		54415635211F15C000C392F3 /* Player2VC.swift in Sources */ = {isa = PBXBuildFile; fileRef = 54415634211F15C000C392F3 /* Player2VC.swift */; };
		54415637211F16B400C392F3 /* GenreVC.swift in Sources */ = {isa = PBXBuildFile; fileRef = 54415636211F16B400C392F3 /* GenreVC.swift */; };
		546567A12120312B00B9ACB2 /* GenreSongVC.swift in Sources */ = {isa = PBXBuildFile; fileRef = 546567A02120312B00B9ACB2 /* GenreSongVC.swift */; };
		546567A32120589B00B9ACB2 /* Global.swift in Sources */ = {isa = PBXBuildFile; fileRef = 546567A22120589B00B9ACB2 /* Global.swift */; };
		546567A521205A2800B9ACB2 /* tblCellGenreSongs.swift in Sources */ = {isa = PBXBuildFile; fileRef = 546567A421205A2800B9ACB2 /* tblCellGenreSongs.swift */; };
		54B28D50211EC7BD002F52FC /* AppDelegate.swift in Sources */ = {isa = PBXBuildFile; fileRef = 54B28D4F211EC7BD002F52FC /* AppDelegate.swift */; };
		54B28D52211EC7BD002F52FC /* ViewController.swift in Sources */ = {isa = PBXBuildFile; fileRef = 54B28D51211EC7BD002F52FC /* ViewController.swift */; };
		54B28D55211EC7BD002F52FC /* Main.storyboard in Resources */ = {isa = PBXBuildFile; fileRef = 54B28D53211EC7BD002F52FC /* Main.storyboard */; };
		54B28D57211EC7BD002F52FC /* Assets.xcassets in Resources */ = {isa = PBXBuildFile; fileRef = 54B28D56211EC7BD002F52FC /* Assets.xcassets */; };
		54B28D5A211EC7BD002F52FC /* LaunchScreen.storyboard in Resources */ = {isa = PBXBuildFile; fileRef = 54B28D58211EC7BD002F52FC /* LaunchScreen.storyboard */; };
		54C0284F211F593200A0826D /* tblCellGenre.swift in Sources */ = {isa = PBXBuildFile; fileRef = 54C0284E211F593200A0826D /* tblCellGenre.swift */; };
		54E763302121B061000EE6F3 /* gif.gif in Resources */ = {isa = PBXBuildFile; fileRef = 54E7632F2121B05F000EE6F3 /* gif.gif */; };
		54E763322121B078000EE6F3 /* gifswift.swift in Sources */ = {isa = PBXBuildFile; fileRef = 54E763312121B077000EE6F3 /* gifswift.swift */; };
		54EDE9BE21206367009AF1E0 /* tblCellPlaylist.swift in Sources */ = {isa = PBXBuildFile; fileRef = 54EDE9BD21206367009AF1E0 /* tblCellPlaylist.swift */; };
		54EDE9C021206382009AF1E0 /* PlaylistVC.swift in Sources */ = {isa = PBXBuildFile; fileRef = 54EDE9BF21206382009AF1E0 /* PlaylistVC.swift */; };
		54EDE9C221207949009AF1E0 /* EventsVC.swift in Sources */ = {isa = PBXBuildFile; fileRef = 54EDE9C121207949009AF1E0 /* EventsVC.swift */; };
		54EDE9C42120797A009AF1E0 /* tblCellEvent.swift in Sources */ = {isa = PBXBuildFile; fileRef = 54EDE9C32120797A009AF1E0 /* tblCellEvent.swift */; };
		54EDE9C621209D4B009AF1E0 /* tblCellVideo.swift in Sources */ = {isa = PBXBuildFile; fileRef = 54EDE9C521209D4B009AF1E0 /* tblCellVideo.swift */; };
		54EDE9C821209D62009AF1E0 /* VideoVC.swift in Sources */ = {isa = PBXBuildFile; fileRef = 54EDE9C721209D62009AF1E0 /* VideoVC.swift */; };
		54EDE9CA2120BBF4009AF1E0 /* tblCellPlaylistOption.swift in Sources */ = {isa = PBXBuildFile; fileRef = 54EDE9C92120BBF4009AF1E0 /* tblCellPlaylistOption.swift */; };
		54EDE9CC2120CC3F009AF1E0 /* GoogleService-Info.plist in Resources */ = {isa = PBXBuildFile; fileRef = 54EDE9CB2120CC3F009AF1E0 /* GoogleService-Info.plist */; };
		54F01C8A212014340098732C /* tblCellArtistAlbum.swift in Sources */ = {isa = PBXBuildFile; fileRef = 54F01C89212014340098732C /* tblCellArtistAlbum.swift */; };
		54F01C8C212016BA0098732C /* AlbumVC.swift in Sources */ = {isa = PBXBuildFile; fileRef = 54F01C8B212016BA0098732C /* AlbumVC.swift */; };
		BE2F36F721311D3500B312E4 /* PlaylistVC.swift in Sources */ = {isa = PBXBuildFile; fileRef = 54EDE9BF21206382009AF1E0 /* PlaylistVC.swift */; };
		BE2F36F821311D3500B312E4 /* tblCellEvent.swift in Sources */ = {isa = PBXBuildFile; fileRef = 54EDE9C32120797A009AF1E0 /* tblCellEvent.swift */; };
		BE2F36F921311D3500B312E4 /* tblCellPlaylistOption.swift in Sources */ = {isa = PBXBuildFile; fileRef = 54EDE9C92120BBF4009AF1E0 /* tblCellPlaylistOption.swift */; };
		BE2F36FA21311D3500B312E4 /* GenreVC.swift in Sources */ = {isa = PBXBuildFile; fileRef = 54415636211F16B400C392F3 /* GenreVC.swift */; };
		BE2F36FB21311D3500B312E4 /* GenreSongVC.swift in Sources */ = {isa = PBXBuildFile; fileRef = 546567A02120312B00B9ACB2 /* GenreSongVC.swift */; };
		BE2F36FC21311D3500B312E4 /* MainPlayerVC.swift in Sources */ = {isa = PBXBuildFile; fileRef = 54415630211EDBBB00C392F3 /* MainPlayerVC.swift */; };
		BE2F36FD21311D3500B312E4 /* MenuVC.swift in Sources */ = {isa = PBXBuildFile; fileRef = 54415632211F08A600C392F3 /* MenuVC.swift */; };
		BE2F36FE21311D3500B312E4 /* ViewController.swift in Sources */ = {isa = PBXBuildFile; fileRef = 54B28D51211EC7BD002F52FC /* ViewController.swift */; };
		BE2F36FF21311D3500B312E4 /* AppDelegate.swift in Sources */ = {isa = PBXBuildFile; fileRef = 54B28D4F211EC7BD002F52FC /* AppDelegate.swift */; };
		BE2F370021311D3500B312E4 /* Global.swift in Sources */ = {isa = PBXBuildFile; fileRef = 546567A22120589B00B9ACB2 /* Global.swift */; };
		BE2F370121311D3500B312E4 /* tblCellPlaylist.swift in Sources */ = {isa = PBXBuildFile; fileRef = 54EDE9BD21206367009AF1E0 /* tblCellPlaylist.swift */; };
		BE2F370221311D3500B312E4 /* gifswift.swift in Sources */ = {isa = PBXBuildFile; fileRef = 54E763312121B077000EE6F3 /* gifswift.swift */; };
		BE2F370321311D3500B312E4 /* tblCellGenreSongs.swift in Sources */ = {isa = PBXBuildFile; fileRef = 546567A421205A2800B9ACB2 /* tblCellGenreSongs.swift */; };
		BE2F370421311D3500B312E4 /* tblCellArtistAlbum.swift in Sources */ = {isa = PBXBuildFile; fileRef = 54F01C89212014340098732C /* tblCellArtistAlbum.swift */; };
		BE2F370521311D3500B312E4 /* VideoVC.swift in Sources */ = {isa = PBXBuildFile; fileRef = 54EDE9C721209D62009AF1E0 /* VideoVC.swift */; };
		BE2F370621311D3500B312E4 /* VideoPlayVC.swift in Sources */ = {isa = PBXBuildFile; fileRef = 5420F9382121919F00F3CA1A /* VideoPlayVC.swift */; };
		BE2F370721311D3500B312E4 /* EventsVC.swift in Sources */ = {isa = PBXBuildFile; fileRef = 54EDE9C121207949009AF1E0 /* EventsVC.swift */; };
		BE2F370821311D3500B312E4 /* tblCellVideo.swift in Sources */ = {isa = PBXBuildFile; fileRef = 54EDE9C521209D4B009AF1E0 /* tblCellVideo.swift */; };
		BE2F370921311D3500B312E4 /* AlbumVC.swift in Sources */ = {isa = PBXBuildFile; fileRef = 54F01C8B212016BA0098732C /* AlbumVC.swift */; };
		BE2F370A21311D3500B312E4 /* tblCellGenre.swift in Sources */ = {isa = PBXBuildFile; fileRef = 54C0284E211F593200A0826D /* tblCellGenre.swift */; };
		BE2F370B21311D3500B312E4 /* Player2VC.swift in Sources */ = {isa = PBXBuildFile; fileRef = 54415634211F15C000C392F3 /* Player2VC.swift */; };
		BE2F370D21311D3500B312E4 /* Pods_CrateLoops.framework in Frameworks */ = {isa = PBXBuildFile; fileRef = 245D124E6676045A6249A065 /* Pods_CrateLoops.framework */; };
		BE2F370F21311D3500B312E4 /* GoogleService-Info.plist in Resources */ = {isa = PBXBuildFile; fileRef = 54EDE9CB2120CC3F009AF1E0 /* GoogleService-Info.plist */; };
		BE2F371021311D3500B312E4 /* LaunchScreen.storyboard in Resources */ = {isa = PBXBuildFile; fileRef = 54B28D58211EC7BD002F52FC /* LaunchScreen.storyboard */; };
		BE2F371121311D3500B312E4 /* Assets.xcassets in Resources */ = {isa = PBXBuildFile; fileRef = 54B28D56211EC7BD002F52FC /* Assets.xcassets */; };
		BE2F371221311D3500B312E4 /* Main.storyboard in Resources */ = {isa = PBXBuildFile; fileRef = 54B28D53211EC7BD002F52FC /* Main.storyboard */; };
		BE2F371321311D3500B312E4 /* gif.gif in Resources */ = {isa = PBXBuildFile; fileRef = 54E7632F2121B05F000EE6F3 /* gif.gif */; };
/* End PBXBuildFile section */

/* Begin PBXFileReference section */
		0BAC2023F8B62E31F97427D9 /* Pods-CrateLoops.release.xcconfig */ = {isa = PBXFileReference; includeInIndex = 1; lastKnownFileType = text.xcconfig; name = "Pods-CrateLoops.release.xcconfig"; path = "Pods/Target Support Files/Pods-CrateLoops/Pods-CrateLoops.release.xcconfig"; sourceTree = "<group>"; };
		245D124E6676045A6249A065 /* Pods_CrateLoops.framework */ = {isa = PBXFileReference; explicitFileType = wrapper.framework; includeInIndex = 0; path = Pods_CrateLoops.framework; sourceTree = BUILT_PRODUCTS_DIR; };
		2527BFB543B95EC93803FA7E /* Pods-CrateLoops.debug.xcconfig */ = {isa = PBXFileReference; includeInIndex = 1; lastKnownFileType = text.xcconfig; name = "Pods-CrateLoops.debug.xcconfig"; path = "Pods/Target Support Files/Pods-CrateLoops/Pods-CrateLoops.debug.xcconfig"; sourceTree = "<group>"; };
		5420F9382121919F00F3CA1A /* VideoPlayVC.swift */ = {isa = PBXFileReference; lastKnownFileType = sourcecode.swift; path = VideoPlayVC.swift; sourceTree = "<group>"; };
		54415630211EDBBB00C392F3 /* MainPlayerVC.swift */ = {isa = PBXFileReference; lastKnownFileType = sourcecode.swift; path = MainPlayerVC.swift; sourceTree = "<group>"; };
		54415632211F08A600C392F3 /* MenuVC.swift */ = {isa = PBXFileReference; lastKnownFileType = sourcecode.swift; path = MenuVC.swift; sourceTree = "<group>"; };
		54415634211F15C000C392F3 /* Player2VC.swift */ = {isa = PBXFileReference; lastKnownFileType = sourcecode.swift; path = Player2VC.swift; sourceTree = "<group>"; };
		54415636211F16B400C392F3 /* GenreVC.swift */ = {isa = PBXFileReference; lastKnownFileType = sourcecode.swift; path = GenreVC.swift; sourceTree = "<group>"; };
		546567A02120312B00B9ACB2 /* GenreSongVC.swift */ = {isa = PBXFileReference; lastKnownFileType = sourcecode.swift; path = GenreSongVC.swift; sourceTree = "<group>"; };
		546567A22120589B00B9ACB2 /* Global.swift */ = {isa = PBXFileReference; lastKnownFileType = sourcecode.swift; path = Global.swift; sourceTree = "<group>"; };
		546567A421205A2800B9ACB2 /* tblCellGenreSongs.swift */ = {isa = PBXFileReference; lastKnownFileType = sourcecode.swift; path = tblCellGenreSongs.swift; sourceTree = "<group>"; };
		54B28D4C211EC7BD002F52FC /* CrateLoops.app */ = {isa = PBXFileReference; explicitFileType = wrapper.application; includeInIndex = 0; path = CrateLoops.app; sourceTree = BUILT_PRODUCTS_DIR; };
		54B28D4F211EC7BD002F52FC /* AppDelegate.swift */ = {isa = PBXFileReference; lastKnownFileType = sourcecode.swift; path = AppDelegate.swift; sourceTree = "<group>"; };
		54B28D51211EC7BD002F52FC /* ViewController.swift */ = {isa = PBXFileReference; lastKnownFileType = sourcecode.swift; path = ViewController.swift; sourceTree = "<group>"; };
		54B28D54211EC7BD002F52FC /* Base */ = {isa = PBXFileReference; lastKnownFileType = file.storyboard; name = Base; path = Base.lproj/Main.storyboard; sourceTree = "<group>"; };
		54B28D56211EC7BD002F52FC /* Assets.xcassets */ = {isa = PBXFileReference; lastKnownFileType = folder.assetcatalog; path = Assets.xcassets; sourceTree = "<group>"; };
		54B28D59211EC7BD002F52FC /* Base */ = {isa = PBXFileReference; lastKnownFileType = file.storyboard; name = Base; path = Base.lproj/LaunchScreen.storyboard; sourceTree = "<group>"; };
		54B28D5B211EC7BD002F52FC /* Info.plist */ = {isa = PBXFileReference; lastKnownFileType = text.plist.xml; path = Info.plist; sourceTree = "<group>"; };
		54B28D64211EC7BD002F52FC /* WJ_JacksonTests.swift */ = {isa = PBXFileReference; lastKnownFileType = sourcecode.swift; path = WJ_JacksonTests.swift; sourceTree = "<group>"; };
		54B28D66211EC7BD002F52FC /* Info.plist */ = {isa = PBXFileReference; lastKnownFileType = text.plist.xml; path = Info.plist; sourceTree = "<group>"; };
		54B28D6F211EC7BD002F52FC /* WJ_JacksonUITests.swift */ = {isa = PBXFileReference; lastKnownFileType = sourcecode.swift; path = WJ_JacksonUITests.swift; sourceTree = "<group>"; };
		54B28D71211EC7BD002F52FC /* Info.plist */ = {isa = PBXFileReference; lastKnownFileType = text.plist.xml; path = Info.plist; sourceTree = "<group>"; };
		54C0284E211F593200A0826D /* tblCellGenre.swift */ = {isa = PBXFileReference; lastKnownFileType = sourcecode.swift; path = tblCellGenre.swift; sourceTree = "<group>"; };
		54E7632F2121B05F000EE6F3 /* gif.gif */ = {isa = PBXFileReference; lastKnownFileType = image.gif; path = gif.gif; sourceTree = "<group>"; };
		54E763312121B077000EE6F3 /* gifswift.swift */ = {isa = PBXFileReference; fileEncoding = 4; lastKnownFileType = sourcecode.swift; path = gifswift.swift; sourceTree = "<group>"; };
		54EDE9BD21206367009AF1E0 /* tblCellPlaylist.swift */ = {isa = PBXFileReference; lastKnownFileType = sourcecode.swift; path = tblCellPlaylist.swift; sourceTree = "<group>"; };
		54EDE9BF21206382009AF1E0 /* PlaylistVC.swift */ = {isa = PBXFileReference; lastKnownFileType = sourcecode.swift; path = PlaylistVC.swift; sourceTree = "<group>"; };
		54EDE9C121207949009AF1E0 /* EventsVC.swift */ = {isa = PBXFileReference; lastKnownFileType = sourcecode.swift; path = EventsVC.swift; sourceTree = "<group>"; };
		54EDE9C32120797A009AF1E0 /* tblCellEvent.swift */ = {isa = PBXFileReference; lastKnownFileType = sourcecode.swift; path = tblCellEvent.swift; sourceTree = "<group>"; };
		54EDE9C521209D4B009AF1E0 /* tblCellVideo.swift */ = {isa = PBXFileReference; lastKnownFileType = sourcecode.swift; path = tblCellVideo.swift; sourceTree = "<group>"; };
		54EDE9C721209D62009AF1E0 /* VideoVC.swift */ = {isa = PBXFileReference; lastKnownFileType = sourcecode.swift; path = VideoVC.swift; sourceTree = "<group>"; };
		54EDE9C92120BBF4009AF1E0 /* tblCellPlaylistOption.swift */ = {isa = PBXFileReference; lastKnownFileType = sourcecode.swift; path = tblCellPlaylistOption.swift; sourceTree = "<group>"; };
		54EDE9CB2120CC3F009AF1E0 /* GoogleService-Info.plist */ = {isa = PBXFileReference; fileEncoding = 4; lastKnownFileType = text.plist.xml; path = "GoogleService-Info.plist"; sourceTree = "<group>"; };
		54F01C89212014340098732C /* tblCellArtistAlbum.swift */ = {isa = PBXFileReference; lastKnownFileType = sourcecode.swift; path = tblCellArtistAlbum.swift; sourceTree = "<group>"; };
		54F01C8B212016BA0098732C /* AlbumVC.swift */ = {isa = PBXFileReference; lastKnownFileType = sourcecode.swift; path = AlbumVC.swift; sourceTree = "<group>"; };
		BE2F371821311D3500B312E4 /* CrateLoops Tests.app */ = {isa = PBXFileReference; explicitFileType = wrapper.application; includeInIndex = 0; path = "CrateLoops Tests.app"; sourceTree = BUILT_PRODUCTS_DIR; };
		BE2F371921311D3500B312E4 /* CrateLoops copy-Info.plist */ = {isa = PBXFileReference; lastKnownFileType = text.plist.xml; name = "CrateLoops copy-Info.plist"; path = "/Users/will/Documents/GitHub/WJ_Jackson_Apple/CrateLoops copy-Info.plist"; sourceTree = "<absolute>"; };
/* End PBXFileReference section */

/* Begin PBXFrameworksBuildPhase section */
		54B28D49211EC7BD002F52FC /* Frameworks */ = {
			isa = PBXFrameworksBuildPhase;
			buildActionMask = 2147483647;
			files = (
				1E70B21787310F4BA11279BA /* Pods_CrateLoops.framework in Frameworks */,
			);
			runOnlyForDeploymentPostprocessing = 0;
		};
		BE2F370C21311D3500B312E4 /* Frameworks */ = {
			isa = PBXFrameworksBuildPhase;
			buildActionMask = 2147483647;
			files = (
				BE2F370D21311D3500B312E4 /* Pods_CrateLoops.framework in Frameworks */,
			);
			runOnlyForDeploymentPostprocessing = 0;
		};
/* End PBXFrameworksBuildPhase section */

/* Begin PBXGroup section */
		54B28D43211EC7BD002F52FC = {
			isa = PBXGroup;
			children = (
				54B28D4E211EC7BD002F52FC /* WJ Jackson */,
				54B28D63211EC7BD002F52FC /* WJ JacksonTests */,
				54B28D6E211EC7BD002F52FC /* WJ JacksonUITests */,
				54B28D4D211EC7BD002F52FC /* Products */,
				95EC70D531A99F55D830F3B6 /* Pods */,
				C8F8E92162551A0A3754D533 /* Frameworks */,
				BE2F371921311D3500B312E4 /* CrateLoops copy-Info.plist */,
			);
			sourceTree = "<group>";
		};
		54B28D4D211EC7BD002F52FC /* Products */ = {
			isa = PBXGroup;
			children = (
				54B28D4C211EC7BD002F52FC /* CrateLoops.app */,
				BE2F371821311D3500B312E4 /* CrateLoops Tests.app */,
			);
			name = Products;
			sourceTree = "<group>";
		};
		54B28D4E211EC7BD002F52FC /* WJ Jackson */ = {
			isa = PBXGroup;
			children = (
				546567A02120312B00B9ACB2 /* GenreSongVC.swift */,
				54B28D4F211EC7BD002F52FC /* AppDelegate.swift */,
				54B28D51211EC7BD002F52FC /* ViewController.swift */,
				54B28D53211EC7BD002F52FC /* Main.storyboard */,
				5420F9382121919F00F3CA1A /* VideoPlayVC.swift */,
				54EDE9C92120BBF4009AF1E0 /* tblCellPlaylistOption.swift */,
				54EDE9C121207949009AF1E0 /* EventsVC.swift */,
				54EDE9C32120797A009AF1E0 /* tblCellEvent.swift */,
				54EDE9C521209D4B009AF1E0 /* tblCellVideo.swift */,
				54EDE9C721209D62009AF1E0 /* VideoVC.swift */,
				54E763312121B077000EE6F3 /* gifswift.swift */,
				54EDE9BD21206367009AF1E0 /* tblCellPlaylist.swift */,
				54E7632F2121B05F000EE6F3 /* gif.gif */,
				54EDE9BF21206382009AF1E0 /* PlaylistVC.swift */,
				546567A421205A2800B9ACB2 /* tblCellGenreSongs.swift */,
				546567A22120589B00B9ACB2 /* Global.swift */,
				54F01C89212014340098732C /* tblCellArtistAlbum.swift */,
				54F01C8B212016BA0098732C /* AlbumVC.swift */,
				54C0284E211F593200A0826D /* tblCellGenre.swift */,
				54415636211F16B400C392F3 /* GenreVC.swift */,
				54415634211F15C000C392F3 /* Player2VC.swift */,
				54EDE9CB2120CC3F009AF1E0 /* GoogleService-Info.plist */,
				54415632211F08A600C392F3 /* MenuVC.swift */,
				54415630211EDBBB00C392F3 /* MainPlayerVC.swift */,
				54B28D56211EC7BD002F52FC /* Assets.xcassets */,
				54B28D58211EC7BD002F52FC /* LaunchScreen.storyboard */,
				54B28D5B211EC7BD002F52FC /* Info.plist */,
			);
			path = "WJ Jackson";
			sourceTree = "<group>";
		};
		54B28D63211EC7BD002F52FC /* WJ JacksonTests */ = {
			isa = PBXGroup;
			children = (
				54B28D64211EC7BD002F52FC /* WJ_JacksonTests.swift */,
				54B28D66211EC7BD002F52FC /* Info.plist */,
			);
			path = "WJ JacksonTests";
			sourceTree = "<group>";
		};
		54B28D6E211EC7BD002F52FC /* WJ JacksonUITests */ = {
			isa = PBXGroup;
			children = (
				54B28D6F211EC7BD002F52FC /* WJ_JacksonUITests.swift */,
				54B28D71211EC7BD002F52FC /* Info.plist */,
			);
			path = "WJ JacksonUITests";
			sourceTree = "<group>";
		};
		95EC70D531A99F55D830F3B6 /* Pods */ = {
			isa = PBXGroup;
			children = (
				2527BFB543B95EC93803FA7E /* Pods-CrateLoops.debug.xcconfig */,
				0BAC2023F8B62E31F97427D9 /* Pods-CrateLoops.release.xcconfig */,
			);
			name = Pods;
			sourceTree = "<group>";
		};
		C8F8E92162551A0A3754D533 /* Frameworks */ = {
			isa = PBXGroup;
			children = (
				245D124E6676045A6249A065 /* Pods_CrateLoops.framework */,
			);
			name = Frameworks;
			sourceTree = "<group>";
		};
/* End PBXGroup section */

/* Begin PBXNativeTarget section */
		54B28D4B211EC7BD002F52FC /* CrateLoops */ = {
			isa = PBXNativeTarget;
			buildConfigurationList = 54B28D74211EC7BD002F52FC /* Build configuration list for PBXNativeTarget "CrateLoops" */;
			buildPhases = (
				AEA84AF2A3C39507B769502C /* [CP] Check Pods Manifest.lock */,
				54B28D48211EC7BD002F52FC /* Sources */,
				54B28D49211EC7BD002F52FC /* Frameworks */,
				54B28D4A211EC7BD002F52FC /* Resources */,
				09FC7BD2EFEF77E8B293967B /* [CP] Embed Pods Frameworks */,
			);
			buildRules = (
			);
			dependencies = (
			);
			name = CrateLoops;
			productName = "WJ Jackson";
			productReference = 54B28D4C211EC7BD002F52FC /* CrateLoops.app */;
			productType = "com.apple.product-type.application";
		};
		BE2F36F421311D3500B312E4 /* CrateLoops Tests */ = {
			isa = PBXNativeTarget;
			buildConfigurationList = BE2F371521311D3500B312E4 /* Build configuration list for PBXNativeTarget "CrateLoops Tests" */;
			buildPhases = (
				BE2F36F521311D3500B312E4 /* [CP] Check Pods Manifest.lock */,
				BE2F36F621311D3500B312E4 /* Sources */,
				BE2F370C21311D3500B312E4 /* Frameworks */,
				BE2F370E21311D3500B312E4 /* Resources */,
				BE2F371421311D3500B312E4 /* [CP] Embed Pods Frameworks */,
			);
			buildRules = (
			);
			dependencies = (
			);
			name = "CrateLoops Tests";
			productName = "WJ Jackson";
			productReference = BE2F371821311D3500B312E4 /* CrateLoops Tests.app */;
			productType = "com.apple.product-type.application";
		};
/* End PBXNativeTarget section */

/* Begin PBXProject section */
		54B28D44211EC7BD002F52FC /* Project object */ = {
			isa = PBXProject;
			attributes = {
				LastSwiftUpdateCheck = 0920;
				LastUpgradeCheck = 0940;
				ORGANIZATIONNAME = "Will Jackson";
				TargetAttributes = {
					54B28D4B211EC7BD002F52FC = {
						CreatedOnToolsVersion = 9.2;
						ProvisioningStyle = Automatic;
					};
				};
			};
			buildConfigurationList = 54B28D47211EC7BD002F52FC /* Build configuration list for PBXProject "CrateLoops" */;
			compatibilityVersion = "Xcode 9.3";
			developmentRegion = en;
			hasScannedForEncodings = 0;
			knownRegions = (
				en,
				Base,
			);
			mainGroup = 54B28D43211EC7BD002F52FC;
			productRefGroup = 54B28D4D211EC7BD002F52FC /* Products */;
			projectDirPath = "";
			projectRoot = "";
			targets = (
				54B28D4B211EC7BD002F52FC /* CrateLoops */,
				BE2F36F421311D3500B312E4 /* CrateLoops Tests */,
			);
		};
/* End PBXProject section */

/* Begin PBXResourcesBuildPhase section */
		54B28D4A211EC7BD002F52FC /* Resources */ = {
			isa = PBXResourcesBuildPhase;
			buildActionMask = 2147483647;
			files = (
				54EDE9CC2120CC3F009AF1E0 /* GoogleService-Info.plist in Resources */,
				54B28D5A211EC7BD002F52FC /* LaunchScreen.storyboard in Resources */,
				54B28D57211EC7BD002F52FC /* Assets.xcassets in Resources */,
				54B28D55211EC7BD002F52FC /* Main.storyboard in Resources */,
				54E763302121B061000EE6F3 /* gif.gif in Resources */,
			);
			runOnlyForDeploymentPostprocessing = 0;
		};
		BE2F370E21311D3500B312E4 /* Resources */ = {
			isa = PBXResourcesBuildPhase;
			buildActionMask = 2147483647;
			files = (
				BE2F370F21311D3500B312E4 /* GoogleService-Info.plist in Resources */,
				BE2F371021311D3500B312E4 /* LaunchScreen.storyboard in Resources */,
				BE2F371121311D3500B312E4 /* Assets.xcassets in Resources */,
				BE2F371221311D3500B312E4 /* Main.storyboard in Resources */,
				BE2F371321311D3500B312E4 /* gif.gif in Resources */,
			);
			runOnlyForDeploymentPostprocessing = 0;
		};
/* End PBXResourcesBuildPhase section */

/* Begin PBXShellScriptBuildPhase section */
		09FC7BD2EFEF77E8B293967B /* [CP] Embed Pods Frameworks */ = {
			isa = PBXShellScriptBuildPhase;
			buildActionMask = 2147483647;
			files = (
			);
			inputPaths = (
				"${SRCROOT}/Pods/Target Support Files/Pods-CrateLoops/Pods-CrateLoops-frameworks.sh",
				"${BUILT_PRODUCTS_DIR}/Alamofire/Alamofire.framework",
				"${BUILT_PRODUCTS_DIR}/GoogleUtilities/GoogleUtilities.framework",
				"${BUILT_PRODUCTS_DIR}/SDWebImage/SDWebImage.framework",
				"${BUILT_PRODUCTS_DIR}/SVProgressHUD/SVProgressHUD.framework",
				"${BUILT_PRODUCTS_DIR}/StreamingKit/StreamingKit.framework",
				"${BUILT_PRODUCTS_DIR}/nanopb/nanopb.framework",
			);
			name = "[CP] Embed Pods Frameworks";
			outputPaths = (
				"${TARGET_BUILD_DIR}/${FRAMEWORKS_FOLDER_PATH}/Alamofire.framework",
				"${TARGET_BUILD_DIR}/${FRAMEWORKS_FOLDER_PATH}/GoogleUtilities.framework",
				"${TARGET_BUILD_DIR}/${FRAMEWORKS_FOLDER_PATH}/SDWebImage.framework",
				"${TARGET_BUILD_DIR}/${FRAMEWORKS_FOLDER_PATH}/SVProgressHUD.framework",
				"${TARGET_BUILD_DIR}/${FRAMEWORKS_FOLDER_PATH}/StreamingKit.framework",
				"${TARGET_BUILD_DIR}/${FRAMEWORKS_FOLDER_PATH}/nanopb.framework",
			);
			runOnlyForDeploymentPostprocessing = 0;
			shellPath = /bin/sh;
			shellScript = "\"${SRCROOT}/Pods/Target Support Files/Pods-CrateLoops/Pods-CrateLoops-frameworks.sh\"\n";
			showEnvVarsInLog = 0;
		};
		AEA84AF2A3C39507B769502C /* [CP] Check Pods Manifest.lock */ = {
			isa = PBXShellScriptBuildPhase;
			buildActionMask = 2147483647;
			files = (
			);
			inputPaths = (
				"${PODS_PODFILE_DIR_PATH}/Podfile.lock",
				"${PODS_ROOT}/Manifest.lock",
			);
			name = "[CP] Check Pods Manifest.lock";
			outputPaths = (
				"$(DERIVED_FILE_DIR)/Pods-CrateLoops-checkManifestLockResult.txt",
			);
			runOnlyForDeploymentPostprocessing = 0;
			shellPath = /bin/sh;
			shellScript = "diff \"${PODS_PODFILE_DIR_PATH}/Podfile.lock\" \"${PODS_ROOT}/Manifest.lock\" > /dev/null\nif [ $? != 0 ] ; then\n    # print error to STDERR\n    echo \"error: The sandbox is not in sync with the Podfile.lock. Run 'pod install' or update your CocoaPods installation.\" >&2\n    exit 1\nfi\n# This output is used by Xcode 'outputs' to avoid re-running this script phase.\necho \"SUCCESS\" > \"${SCRIPT_OUTPUT_FILE_0}\"\n";
			showEnvVarsInLog = 0;
		};
		BE2F36F521311D3500B312E4 /* [CP] Check Pods Manifest.lock */ = {
			isa = PBXShellScriptBuildPhase;
			buildActionMask = 2147483647;
			files = (
			);
			inputPaths = (
				"${PODS_PODFILE_DIR_PATH}/Podfile.lock",
				"${PODS_ROOT}/Manifest.lock",
			);
			name = "[CP] Check Pods Manifest.lock";
			outputPaths = (
				"$(DERIVED_FILE_DIR)/Pods-CrateLoops-checkManifestLockResult.txt",
			);
			runOnlyForDeploymentPostprocessing = 0;
			shellPath = /bin/sh;
			shellScript = "diff \"${PODS_PODFILE_DIR_PATH}/Podfile.lock\" \"${PODS_ROOT}/Manifest.lock\" > /dev/null\nif [ $? != 0 ] ; then\n    # print error to STDERR\n    echo \"error: The sandbox is not in sync with the Podfile.lock. Run 'pod install' or update your CocoaPods installation.\" >&2\n    exit 1\nfi\n# This output is used by Xcode 'outputs' to avoid re-running this script phase.\necho \"SUCCESS\" > \"${SCRIPT_OUTPUT_FILE_0}\"\n";
			showEnvVarsInLog = 0;
		};
		BE2F371421311D3500B312E4 /* [CP] Embed Pods Frameworks */ = {
			isa = PBXShellScriptBuildPhase;
			buildActionMask = 2147483647;
			files = (
			);
			inputPaths = (
				"${SRCROOT}/Pods/Target Support Files/Pods-CrateLoops/Pods-CrateLoops-frameworks.sh",
				"${BUILT_PRODUCTS_DIR}/Alamofire/Alamofire.framework",
				"${BUILT_PRODUCTS_DIR}/GoogleUtilities/GoogleUtilities.framework",
				"${BUILT_PRODUCTS_DIR}/SDWebImage/SDWebImage.framework",
				"${BUILT_PRODUCTS_DIR}/SVProgressHUD/SVProgressHUD.framework",
				"${BUILT_PRODUCTS_DIR}/StreamingKit/StreamingKit.framework",
				"${BUILT_PRODUCTS_DIR}/nanopb/nanopb.framework",
			);
			name = "[CP] Embed Pods Frameworks";
			outputPaths = (
				"${TARGET_BUILD_DIR}/${FRAMEWORKS_FOLDER_PATH}/Alamofire.framework",
				"${TARGET_BUILD_DIR}/${FRAMEWORKS_FOLDER_PATH}/GoogleUtilities.framework",
				"${TARGET_BUILD_DIR}/${FRAMEWORKS_FOLDER_PATH}/SDWebImage.framework",
				"${TARGET_BUILD_DIR}/${FRAMEWORKS_FOLDER_PATH}/SVProgressHUD.framework",
				"${TARGET_BUILD_DIR}/${FRAMEWORKS_FOLDER_PATH}/StreamingKit.framework",
				"${TARGET_BUILD_DIR}/${FRAMEWORKS_FOLDER_PATH}/nanopb.framework",
			);
			runOnlyForDeploymentPostprocessing = 0;
			shellPath = /bin/sh;
			shellScript = "\"${SRCROOT}/Pods/Target Support Files/Pods-CrateLoops/Pods-CrateLoops-frameworks.sh\"\n";
			showEnvVarsInLog = 0;
		};
/* End PBXShellScriptBuildPhase section */

/* Begin PBXSourcesBuildPhase section */
		54B28D48211EC7BD002F52FC /* Sources */ = {
			isa = PBXSourcesBuildPhase;
			buildActionMask = 2147483647;
			files = (
				54EDE9C021206382009AF1E0 /* PlaylistVC.swift in Sources */,
				54EDE9C42120797A009AF1E0 /* tblCellEvent.swift in Sources */,
				54EDE9CA2120BBF4009AF1E0 /* tblCellPlaylistOption.swift in Sources */,
				54415637211F16B400C392F3 /* GenreVC.swift in Sources */,
				546567A12120312B00B9ACB2 /* GenreSongVC.swift in Sources */,
				54415631211EDBBB00C392F3 /* MainPlayerVC.swift in Sources */,
				54415633211F08A600C392F3 /* MenuVC.swift in Sources */,
				54B28D52211EC7BD002F52FC /* ViewController.swift in Sources */,
				54B28D50211EC7BD002F52FC /* AppDelegate.swift in Sources */,
				546567A32120589B00B9ACB2 /* Global.swift in Sources */,
				54EDE9BE21206367009AF1E0 /* tblCellPlaylist.swift in Sources */,
				54E763322121B078000EE6F3 /* gifswift.swift in Sources */,
				546567A521205A2800B9ACB2 /* tblCellGenreSongs.swift in Sources */,
				54F01C8A212014340098732C /* tblCellArtistAlbum.swift in Sources */,
				54EDE9C821209D62009AF1E0 /* VideoVC.swift in Sources */,
				5420F9392121919F00F3CA1A /* VideoPlayVC.swift in Sources */,
				54EDE9C221207949009AF1E0 /* EventsVC.swift in Sources */,
				54EDE9C621209D4B009AF1E0 /* tblCellVideo.swift in Sources */,
				54F01C8C212016BA0098732C /* AlbumVC.swift in Sources */,
				54C0284F211F593200A0826D /* tblCellGenre.swift in Sources */,
				54415635211F15C000C392F3 /* Player2VC.swift in Sources */,
			);
			runOnlyForDeploymentPostprocessing = 0;
		};
		BE2F36F621311D3500B312E4 /* Sources */ = {
			isa = PBXSourcesBuildPhase;
			buildActionMask = 2147483647;
			files = (
				BE2F36F721311D3500B312E4 /* PlaylistVC.swift in Sources */,
				BE2F36F821311D3500B312E4 /* tblCellEvent.swift in Sources */,
				BE2F36F921311D3500B312E4 /* tblCellPlaylistOption.swift in Sources */,
				BE2F36FA21311D3500B312E4 /* GenreVC.swift in Sources */,
				BE2F36FB21311D3500B312E4 /* GenreSongVC.swift in Sources */,
				BE2F36FC21311D3500B312E4 /* MainPlayerVC.swift in Sources */,
				BE2F36FD21311D3500B312E4 /* MenuVC.swift in Sources */,
				BE2F36FE21311D3500B312E4 /* ViewController.swift in Sources */,
				BE2F36FF21311D3500B312E4 /* AppDelegate.swift in Sources */,
				BE2F370021311D3500B312E4 /* Global.swift in Sources */,
				BE2F370121311D3500B312E4 /* tblCellPlaylist.swift in Sources */,
				BE2F370221311D3500B312E4 /* gifswift.swift in Sources */,
				BE2F370321311D3500B312E4 /* tblCellGenreSongs.swift in Sources */,
				BE2F370421311D3500B312E4 /* tblCellArtistAlbum.swift in Sources */,
				BE2F370521311D3500B312E4 /* VideoVC.swift in Sources */,
				BE2F370621311D3500B312E4 /* VideoPlayVC.swift in Sources */,
				BE2F370721311D3500B312E4 /* EventsVC.swift in Sources */,
				BE2F370821311D3500B312E4 /* tblCellVideo.swift in Sources */,
				BE2F370921311D3500B312E4 /* AlbumVC.swift in Sources */,
				BE2F370A21311D3500B312E4 /* tblCellGenre.swift in Sources */,
				BE2F370B21311D3500B312E4 /* Player2VC.swift in Sources */,
			);
			runOnlyForDeploymentPostprocessing = 0;
		};
/* End PBXSourcesBuildPhase section */

/* Begin PBXVariantGroup section */
		54B28D53211EC7BD002F52FC /* Main.storyboard */ = {
			isa = PBXVariantGroup;
			children = (
				54B28D54211EC7BD002F52FC /* Base */,
			);
			name = Main.storyboard;
			sourceTree = "<group>";
		};
		54B28D58211EC7BD002F52FC /* LaunchScreen.storyboard */ = {
			isa = PBXVariantGroup;
			children = (
				54B28D59211EC7BD002F52FC /* Base */,
			);
			name = LaunchScreen.storyboard;
			sourceTree = "<group>";
		};
/* End PBXVariantGroup section */

/* Begin XCBuildConfiguration section */
		54B28D72211EC7BD002F52FC /* Debug */ = {
			isa = XCBuildConfiguration;
			buildSettings = {
				ALWAYS_SEARCH_USER_PATHS = NO;
				CLANG_ANALYZER_NONNULL = YES;
				CLANG_ANALYZER_NUMBER_OBJECT_CONVERSION = YES_AGGRESSIVE;
				CLANG_CXX_LANGUAGE_STANDARD = "gnu++14";
				CLANG_CXX_LIBRARY = "libc++";
				CLANG_ENABLE_MODULES = YES;
				CLANG_ENABLE_OBJC_ARC = YES;
				CLANG_WARN_BLOCK_CAPTURE_AUTORELEASING = YES;
				CLANG_WARN_BOOL_CONVERSION = YES;
				CLANG_WARN_COMMA = YES;
				CLANG_WARN_CONSTANT_CONVERSION = YES;
				CLANG_WARN_DEPRECATED_OBJC_IMPLEMENTATIONS = YES;
				CLANG_WARN_DIRECT_OBJC_ISA_USAGE = YES_ERROR;
				CLANG_WARN_DOCUMENTATION_COMMENTS = YES;
				CLANG_WARN_EMPTY_BODY = YES;
				CLANG_WARN_ENUM_CONVERSION = YES;
				CLANG_WARN_INFINITE_RECURSION = YES;
				CLANG_WARN_INT_CONVERSION = YES;
				CLANG_WARN_NON_LITERAL_NULL_CONVERSION = YES;
				CLANG_WARN_OBJC_IMPLICIT_RETAIN_SELF = YES;
				CLANG_WARN_OBJC_LITERAL_CONVERSION = YES;
				CLANG_WARN_OBJC_ROOT_CLASS = YES_ERROR;
				CLANG_WARN_RANGE_LOOP_ANALYSIS = YES;
				CLANG_WARN_STRICT_PROTOTYPES = YES;
				CLANG_WARN_SUSPICIOUS_MOVE = YES;
				CLANG_WARN_UNGUARDED_AVAILABILITY = YES_AGGRESSIVE;
				CLANG_WARN_UNREACHABLE_CODE = YES;
				CLANG_WARN__DUPLICATE_METHOD_MATCH = YES;
				CODE_SIGN_IDENTITY = "iPhone Developer";
				COPY_PHASE_STRIP = NO;
				DEBUG_INFORMATION_FORMAT = dwarf;
				ENABLE_STRICT_OBJC_MSGSEND = YES;
				ENABLE_TESTABILITY = YES;
				GCC_C_LANGUAGE_STANDARD = gnu11;
				GCC_DYNAMIC_NO_PIC = NO;
				GCC_NO_COMMON_BLOCKS = YES;
				GCC_OPTIMIZATION_LEVEL = 0;
				GCC_PREPROCESSOR_DEFINITIONS = (
					"DEBUG=1",
					"$(inherited)",
				);
				GCC_WARN_64_TO_32_BIT_CONVERSION = YES;
				GCC_WARN_ABOUT_RETURN_TYPE = YES_ERROR;
				GCC_WARN_UNDECLARED_SELECTOR = YES;
				GCC_WARN_UNINITIALIZED_AUTOS = YES_AGGRESSIVE;
				GCC_WARN_UNUSED_FUNCTION = YES;
				GCC_WARN_UNUSED_VARIABLE = YES;
				IPHONEOS_DEPLOYMENT_TARGET = 11.2;
				MTL_ENABLE_DEBUG_INFO = YES;
				ONLY_ACTIVE_ARCH = YES;
				SDKROOT = iphoneos;
				SWIFT_ACTIVE_COMPILATION_CONDITIONS = DEBUG;
				SWIFT_OPTIMIZATION_LEVEL = "-Onone";
			};
			name = Debug;
		};
		54B28D73211EC7BD002F52FC /* Release */ = {
			isa = XCBuildConfiguration;
			buildSettings = {
				ALWAYS_SEARCH_USER_PATHS = NO;
				CLANG_ANALYZER_NONNULL = YES;
				CLANG_ANALYZER_NUMBER_OBJECT_CONVERSION = YES_AGGRESSIVE;
				CLANG_CXX_LANGUAGE_STANDARD = "gnu++14";
				CLANG_CXX_LIBRARY = "libc++";
				CLANG_ENABLE_MODULES = YES;
				CLANG_ENABLE_OBJC_ARC = YES;
				CLANG_WARN_BLOCK_CAPTURE_AUTORELEASING = YES;
				CLANG_WARN_BOOL_CONVERSION = YES;
				CLANG_WARN_COMMA = YES;
				CLANG_WARN_CONSTANT_CONVERSION = YES;
				CLANG_WARN_DEPRECATED_OBJC_IMPLEMENTATIONS = YES;
				CLANG_WARN_DIRECT_OBJC_ISA_USAGE = YES_ERROR;
				CLANG_WARN_DOCUMENTATION_COMMENTS = YES;
				CLANG_WARN_EMPTY_BODY = YES;
				CLANG_WARN_ENUM_CONVERSION = YES;
				CLANG_WARN_INFINITE_RECURSION = YES;
				CLANG_WARN_INT_CONVERSION = YES;
				CLANG_WARN_NON_LITERAL_NULL_CONVERSION = YES;
				CLANG_WARN_OBJC_IMPLICIT_RETAIN_SELF = YES;
				CLANG_WARN_OBJC_LITERAL_CONVERSION = YES;
				CLANG_WARN_OBJC_ROOT_CLASS = YES_ERROR;
				CLANG_WARN_RANGE_LOOP_ANALYSIS = YES;
				CLANG_WARN_STRICT_PROTOTYPES = YES;
				CLANG_WARN_SUSPICIOUS_MOVE = YES;
				CLANG_WARN_UNGUARDED_AVAILABILITY = YES_AGGRESSIVE;
				CLANG_WARN_UNREACHABLE_CODE = YES;
				CLANG_WARN__DUPLICATE_METHOD_MATCH = YES;
				CODE_SIGN_IDENTITY = "iPhone Developer";
				COPY_PHASE_STRIP = NO;
				DEBUG_INFORMATION_FORMAT = "dwarf-with-dsym";
				ENABLE_NS_ASSERTIONS = NO;
				ENABLE_STRICT_OBJC_MSGSEND = YES;
				GCC_C_LANGUAGE_STANDARD = gnu11;
				GCC_NO_COMMON_BLOCKS = YES;
				GCC_WARN_64_TO_32_BIT_CONVERSION = YES;
				GCC_WARN_ABOUT_RETURN_TYPE = YES_ERROR;
				GCC_WARN_UNDECLARED_SELECTOR = YES;
				GCC_WARN_UNINITIALIZED_AUTOS = YES_AGGRESSIVE;
				GCC_WARN_UNUSED_FUNCTION = YES;
				GCC_WARN_UNUSED_VARIABLE = YES;
				IPHONEOS_DEPLOYMENT_TARGET = 11.2;
				MTL_ENABLE_DEBUG_INFO = NO;
				SDKROOT = iphoneos;
				SWIFT_COMPILATION_MODE = wholemodule;
				SWIFT_OPTIMIZATION_LEVEL = "-O";
				VALIDATE_PRODUCT = YES;
			};
			name = Release;
		};
		54B28D75211EC7BD002F52FC /* Debug */ = {
			isa = XCBuildConfiguration;
			baseConfigurationReference = 2527BFB543B95EC93803FA7E /* Pods-CrateLoops.debug.xcconfig */;
			buildSettings = {
				ASSETCATALOG_COMPILER_APPICON_NAME = AppIcon;
				CODE_SIGN_STYLE = Automatic;
				DEVELOPMENT_TEAM = A3975W4353;
				INFOPLIST_FILE = "WJ Jackson/Info.plist";
				LD_RUNPATH_SEARCH_PATHS = (
					"$(inherited)",
					"@executable_path/Frameworks",
				);
				PRODUCT_BUNDLE_IDENTIFIER = "Will-Jackson";
				PRODUCT_NAME = "$(TARGET_NAME)";
				SWIFT_VERSION = 4.0;
				TARGETED_DEVICE_FAMILY = "1,2";
			};
			name = Debug;
		};
		54B28D76211EC7BD002F52FC /* Release */ = {
			isa = XCBuildConfiguration;
			baseConfigurationReference = 0BAC2023F8B62E31F97427D9 /* Pods-CrateLoops.release.xcconfig */;
			buildSettings = {
				ASSETCATALOG_COMPILER_APPICON_NAME = AppIcon;
				CODE_SIGN_STYLE = Automatic;
				DEVELOPMENT_TEAM = A3975W4353;
				INFOPLIST_FILE = "WJ Jackson/Info.plist";
				LD_RUNPATH_SEARCH_PATHS = (
					"$(inherited)",
					"@executable_path/Frameworks",
				);
				PRODUCT_BUNDLE_IDENTIFIER = "Will-Jackson";
				PRODUCT_NAME = "$(TARGET_NAME)";
				SWIFT_VERSION = 4.0;
				TARGETED_DEVICE_FAMILY = "1,2";
			};
			name = Release;
		};
		BE2F371621311D3500B312E4 /* Debug */ = {
			isa = XCBuildConfiguration;
			baseConfigurationReference = 2527BFB543B95EC93803FA7E /* Pods-CrateLoops.debug.xcconfig */;
			buildSettings = {
				ASSETCATALOG_COMPILER_APPICON_NAME = AppIcon;
				CODE_SIGN_STYLE = Automatic;
				DEVELOPMENT_TEAM = A3975W4353;
				INFOPLIST_FILE = "CrateLoops copy-Info.plist";
				LD_RUNPATH_SEARCH_PATHS = (
					"$(inherited)",
					"@executable_path/Frameworks",
				);
				PRODUCT_BUNDLE_IDENTIFIER = "Will-Jackson";
				PRODUCT_NAME = "$(TARGET_NAME)";
				SWIFT_VERSION = 4.0;
				TARGETED_DEVICE_FAMILY = "1,2";
			};
			name = Debug;
		};
		BE2F371721311D3500B312E4 /* Release */ = {
			isa = XCBuildConfiguration;
			baseConfigurationReference = 0BAC2023F8B62E31F97427D9 /* Pods-CrateLoops.release.xcconfig */;
			buildSettings = {
				ASSETCATALOG_COMPILER_APPICON_NAME = AppIcon;
				CODE_SIGN_STYLE = Automatic;
				DEVELOPMENT_TEAM = A3975W4353;
				INFOPLIST_FILE = "CrateLoops copy-Info.plist";
				LD_RUNPATH_SEARCH_PATHS = (
					"$(inherited)",
					"@executable_path/Frameworks",
				);
				PRODUCT_BUNDLE_IDENTIFIER = "Will-Jackson";
				PRODUCT_NAME = "$(TARGET_NAME)";
				SWIFT_VERSION = 4.0;
				TARGETED_DEVICE_FAMILY = "1,2";
			};
			name = Release;
		};
/* End XCBuildConfiguration section */

/* Begin XCConfigurationList section */
		54B28D47211EC7BD002F52FC /* Build configuration list for PBXProject "CrateLoops" */ = {
			isa = XCConfigurationList;
			buildConfigurations = (
				54B28D72211EC7BD002F52FC /* Debug */,
				54B28D73211EC7BD002F52FC /* Release */,
			);
			defaultConfigurationIsVisible = 0;
			defaultConfigurationName = Release;
		};
		54B28D74211EC7BD002F52FC /* Build configuration list for PBXNativeTarget "CrateLoops" */ = {
			isa = XCConfigurationList;
			buildConfigurations = (
				54B28D75211EC7BD002F52FC /* Debug */,
				54B28D76211EC7BD002F52FC /* Release */,
			);
			defaultConfigurationIsVisible = 0;
			defaultConfigurationName = Release;
		};
		BE2F371521311D3500B312E4 /* Build configuration list for PBXNativeTarget "CrateLoops Tests" */ = {
			isa = XCConfigurationList;
			buildConfigurations = (
				BE2F371621311D3500B312E4 /* Debug */,
				BE2F371721311D3500B312E4 /* Release */,
			);
			defaultConfigurationIsVisible = 0;
			defaultConfigurationName = Release;
		};
/* End XCConfigurationList section */
	};
	rootObject = 54B28D44211EC7BD002F52FC /* Project object */;
}
